
Microsoft Visual Studio Solution File, Format Version 12.00
# Visual Studio Version 16
VisualStudioVersion = 16.0.810.6
MinimumVisualStudioVersion = 10.0.40219.1
Project("{FAE04EC0-301F-11D3-BF4B-00C04F79EFBC}") = "EmployeeManagement", "EmployeeManagement.csproj", "{12216815-2877-4337-A8EC-153C471F503C}"
EndProject
Global
	GlobalSection(SolutionConfigurationPlatforms) = preSolution
		Debug|Any CPU = Debug|Any CPU
		Release|Any CPU = Release|Any CPU
	EndGlobalSection
	GlobalSection(ProjectConfigurationPlatforms) = postSolution
		{12216815-2877-4337-A8EC-153C471F503C}.Debug|Any CPU.ActiveCfg = Debug|Any CPU
		{12216815-2877-4337-A8EC-153C471F503C}.Debug|Any CPU.Build.0 = Debug|Any CPU
		{12216815-2877-4337-A8EC-153C471F503C}.Release|Any CPU.ActiveCfg = Release|Any CPU
		{12216815-2877-4337-A8EC-153C471F503C}.Release|Any CPU.Build.0 = Release|Any CPU
	EndGlobalSection
	GlobalSection(SolutionProperties) = preSolution
		HideSolutionNode = FALSE
	EndGlobalSection
	GlobalSection(ExtensibilityGlobals) = postSolution
		SolutionGuid = {17B30A5A-76BD-492C-BAC3-F42729B9FD39}
	EndGlobalSection
EndGlobal
